// !$*UTF8*$!
{
	archiveVersion = 1;
	classes = {
	};
	objectVersion = 55;
	objects = {

/* Begin PBXBuildFile section */
		8B0AF9E82716664E009142BB /* MailView.swift in Sources */ = {isa = PBXBuildFile; fileRef = 8B0AF9E72716664E009142BB /* MailView.swift */; };
		8B29756F26DC7ECF0038CD92 /* DateGenerator.swift in Sources */ = {isa = PBXBuildFile; fileRef = 8B29756E26DC7ECF0038CD92 /* DateGenerator.swift */; };
		8B29757126DCAAB20038CD92 /* MapGenerator.swift in Sources */ = {isa = PBXBuildFile; fileRef = 8B29757026DCAAB20038CD92 /* MapGenerator.swift */; };
		8B52DB0A271F11A100A8EF70 /* purple@3x.png in Resources */ = {isa = PBXBuildFile; fileRef = 8B52DB03271F11A100A8EF70 /* purple@3x.png */; };
		8B52DB0B271F11A100A8EF70 /* fire@3x.png in Resources */ = {isa = PBXBuildFile; fileRef = 8B52DB04271F11A100A8EF70 /* fire@3x.png */; };
		8B52DB0C271F11A100A8EF70 /* pink@3x.png in Resources */ = {isa = PBXBuildFile; fileRef = 8B52DB05271F11A100A8EF70 /* pink@3x.png */; };
		8B52DB0D271F11A100A8EF70 /* yellow-orange@3x.png in Resources */ = {isa = PBXBuildFile; fileRef = 8B52DB06271F11A100A8EF70 /* yellow-orange@3x.png */; };
		8B52DB0E271F11A100A8EF70 /* orange-red@3x.png in Resources */ = {isa = PBXBuildFile; fileRef = 8B52DB07271F11A100A8EF70 /* orange-red@3x.png */; };
		8B52DB0F271F11A100A8EF70 /* bright-red@3x.png in Resources */ = {isa = PBXBuildFile; fileRef = 8B52DB08271F11A100A8EF70 /* bright-red@3x.png */; };
		8B52DB10271F11A100A8EF70 /* purple-pink@3x.png in Resources */ = {isa = PBXBuildFile; fileRef = 8B52DB09271F11A100A8EF70 /* purple-pink@3x.png */; };
		8B52DB18271F127200A8EF70 /* yellow-orange@2x.png in Resources */ = {isa = PBXBuildFile; fileRef = 8B52DB11271F127200A8EF70 /* yellow-orange@2x.png */; };
		8B52DB19271F127200A8EF70 /* pink@2x.png in Resources */ = {isa = PBXBuildFile; fileRef = 8B52DB12271F127200A8EF70 /* pink@2x.png */; };
		8B52DB1A271F127200A8EF70 /* bright-red@2x.png in Resources */ = {isa = PBXBuildFile; fileRef = 8B52DB13271F127200A8EF70 /* bright-red@2x.png */; };
		8B52DB1B271F127200A8EF70 /* purple@2x.png in Resources */ = {isa = PBXBuildFile; fileRef = 8B52DB14271F127200A8EF70 /* purple@2x.png */; };
		8B52DB1C271F127200A8EF70 /* orange-red@2x.png in Resources */ = {isa = PBXBuildFile; fileRef = 8B52DB15271F127200A8EF70 /* orange-red@2x.png */; };
		8B52DB1D271F127200A8EF70 /* fire@2x.png in Resources */ = {isa = PBXBuildFile; fileRef = 8B52DB16271F127200A8EF70 /* fire@2x.png */; };
		8B52DB1E271F127200A8EF70 /* purple-pink@2x.png in Resources */ = {isa = PBXBuildFile; fileRef = 8B52DB17271F127200A8EF70 /* purple-pink@2x.png */; };
		8B52DB232720592E00A8EF70 /* AppIcon.swift in Sources */ = {isa = PBXBuildFile; fileRef = 8B52DB222720592E00A8EF70 /* AppIcon.swift */; };
		8B5B4F3E26D98377001994F4 /* SettingsMenu.swift in Sources */ = {isa = PBXBuildFile; fileRef = 8B5B4F3D26D98377001994F4 /* SettingsMenu.swift */; };
		8B61A02D26DAF2CC007DBC50 /* CardRandomizer.swift in Sources */ = {isa = PBXBuildFile; fileRef = 8B61A02C26DAF2CC007DBC50 /* CardRandomizer.swift */; };
		8B690BBD26DDB83200413FDA /* UIColor+Extensions.swift in Sources */ = {isa = PBXBuildFile; fileRef = 8B690BBC26DDB83200413FDA /* UIColor+Extensions.swift */; };
		8B74E1C926D6CD1A00886949 /* Random_Things_GeneratorApp.swift in Sources */ = {isa = PBXBuildFile; fileRef = 8B74E1C826D6CD1A00886949 /* Random_Things_GeneratorApp.swift */; };
		8B74E1CB26D6CD1A00886949 /* ContentView.swift in Sources */ = {isa = PBXBuildFile; fileRef = 8B74E1CA26D6CD1A00886949 /* ContentView.swift */; };
		8B74E1CD26D6CD1B00886949 /* Assets.xcassets in Resources */ = {isa = PBXBuildFile; fileRef = 8B74E1CC26D6CD1B00886949 /* Assets.xcassets */; };
		8B74E1D026D6CD1B00886949 /* Preview Assets.xcassets in Resources */ = {isa = PBXBuildFile; fileRef = 8B74E1CF26D6CD1B00886949 /* Preview Assets.xcassets */; };
		8B74E1D226D6CD1B00886949 /* Persistence.swift in Sources */ = {isa = PBXBuildFile; fileRef = 8B74E1D126D6CD1B00886949 /* Persistence.swift */; };
		8B74E1D526D6CD1B00886949 /* Random_Things_Generator.xcdatamodeld in Sources */ = {isa = PBXBuildFile; fileRef = 8B74E1D326D6CD1B00886949 /* Random_Things_Generator.xcdatamodeld */; };
		8B74E1E126D7093700886949 /* HomeView.swift in Sources */ = {isa = PBXBuildFile; fileRef = 8B74E1E026D7093700886949 /* HomeView.swift */; };
		8B74E1E826D75DDD00886949 /* NumberGenerator.swift in Sources */ = {isa = PBXBuildFile; fileRef = 8B74E1E726D75DDD00886949 /* NumberGenerator.swift */; };
		8B74E1EB26D760FA00886949 /* RandomizeButton.swift in Sources */ = {isa = PBXBuildFile; fileRef = 8B74E1EA26D760FA00886949 /* RandomizeButton.swift */; };
		8B74E1F026D89FB900886949 /* Int+Extensions.swift in Sources */ = {isa = PBXBuildFile; fileRef = 8B74E1EF26D89FB900886949 /* Int+Extensions.swift */; };
		8B7C931E26E041450046032F /* ShareSheet.swift in Sources */ = {isa = PBXBuildFile; fileRef = 8B7C931D26E041450046032F /* ShareSheet.swift */; };
		8B7C932126E042F20046032F /* CSV in Frameworks */ = {isa = PBXBuildFile; productRef = 8B7C932026E042F20046032F /* CSV */; };
		8B7E861B26D98AE4004B0011 /* Binding+Extensions.swift in Sources */ = {isa = PBXBuildFile; fileRef = 8B7E861A26D98AE4004B0011 /* Binding+Extensions.swift */; };
		8B7E861E26D99563004B0011 /* ThemeColor.swift in Sources */ = {isa = PBXBuildFile; fileRef = 8B7E861D26D99563004B0011 /* ThemeColor.swift */; };
		8B7E862826D9ED64004B0011 /* CoinFlipper.swift in Sources */ = {isa = PBXBuildFile; fileRef = 8B7E862726D9ED64004B0011 /* CoinFlipper.swift */; };
		8B7E862A26D9EDB7004B0011 /* RandomGeneratorView.swift in Sources */ = {isa = PBXBuildFile; fileRef = 8B7E862926D9EDB7004B0011 /* RandomGeneratorView.swift */; };
		8B95E5CB26E5600500349D4C /* TextFieldAlert.swift in Sources */ = {isa = PBXBuildFile; fileRef = 8B95E5CA26E5600500349D4C /* TextFieldAlert.swift */; };
		8B95E5CE26E6B0A200349D4C /* ListItem+CoreDataClass.swift in Sources */ = {isa = PBXBuildFile; fileRef = 8B95E5CC26E6B0A200349D4C /* ListItem+CoreDataClass.swift */; };
		8B95E5CF26E6B0A200349D4C /* ListItem+CoreDataProperties.swift in Sources */ = {isa = PBXBuildFile; fileRef = 8B95E5CD26E6B0A200349D4C /* ListItem+CoreDataProperties.swift */; };
		8B95E5D126E6B2A300349D4C /* ListItemDetail.swift in Sources */ = {isa = PBXBuildFile; fileRef = 8B95E5D026E6B2A300349D4C /* ListItemDetail.swift */; };
		8B9FEFDE26DE1B3200D24301 /* Random+CoreDataClass.swift in Sources */ = {isa = PBXBuildFile; fileRef = 8B9FEFDC26DE1B3200D24301 /* Random+CoreDataClass.swift */; };
		8B9FEFDF26DE1B3200D24301 /* Random+CoreDataProperties.swift in Sources */ = {isa = PBXBuildFile; fileRef = 8B9FEFDD26DE1B3200D24301 /* Random+CoreDataProperties.swift */; };
		8B9FEFE126DE1C9800D24301 /* RandomHistory.swift in Sources */ = {isa = PBXBuildFile; fileRef = 8B9FEFE026DE1C9800D24301 /* RandomHistory.swift */; };
		8BB2A22E26E4145700C27B0A /* Color+Extensions.swift in Sources */ = {isa = PBXBuildFile; fileRef = 8BB2A22D26E4145700C27B0A /* Color+Extensions.swift */; };
		8BB2A23226E432E800C27B0A /* ListsGenerator.swift in Sources */ = {isa = PBXBuildFile; fileRef = 8BB2A23126E432E800C27B0A /* ListsGenerator.swift */; };
		8BB2A23426E474AC00C27B0A /* GeneratorLists.swift in Sources */ = {isa = PBXBuildFile; fileRef = 8BB2A23326E474AC00C27B0A /* GeneratorLists.swift */; };
		8BB2A23726E4760100C27B0A /* GeneratorList+CoreDataClass.swift in Sources */ = {isa = PBXBuildFile; fileRef = 8BB2A23526E4760100C27B0A /* GeneratorList+CoreDataClass.swift */; };
		8BB2A23826E4760100C27B0A /* GeneratorList+CoreDataProperties.swift in Sources */ = {isa = PBXBuildFile; fileRef = 8BB2A23626E4760100C27B0A /* GeneratorList+CoreDataProperties.swift */; };
		8BB2A23A26E4788300C27B0A /* Add List.swift in Sources */ = {isa = PBXBuildFile; fileRef = 8BB2A23926E4788300C27B0A /* Add List.swift */; };
		8BBC19672715C462002FEB5C /* GeneratorPreferences+CoreDataClass.swift in Sources */ = {isa = PBXBuildFile; fileRef = 8BBC19652715C462002FEB5C /* GeneratorPreferences+CoreDataClass.swift */; };
		8BBC19682715C462002FEB5C /* GeneratorPreferences+CoreDataProperties.swift in Sources */ = {isa = PBXBuildFile; fileRef = 8BBC19662715C462002FEB5C /* GeneratorPreferences+CoreDataProperties.swift */; };
		8BCB7459270F33D100EFAE2B /* UserPreferences.swift in Sources */ = {isa = PBXBuildFile; fileRef = 8BCB7458270F33D100EFAE2B /* UserPreferences.swift */; };
		8BCB745B270F3E4800EFAE2B /* HatPicker.swift in Sources */ = {isa = PBXBuildFile; fileRef = 8BCB745A270F3E4800EFAE2B /* HatPicker.swift */; };
		8BF761E826FC23740018686F /* CloudKit.framework in Frameworks */ = {isa = PBXBuildFile; fileRef = 8B9FEFE426DE233500D24301 /* CloudKit.framework */; };
		8BF98EDB27114C4000DD8AAE /* ColorGenerator.swift in Sources */ = {isa = PBXBuildFile; fileRef = 8BF98EDA27114C4000DD8AAE /* ColorGenerator.swift */; };
		8BF98EDE2711561400DD8AAE /* GenerateMultipleTimes.swift in Sources */ = {isa = PBXBuildFile; fileRef = 8BF98EDD2711561400DD8AAE /* GenerateMultipleTimes.swift */; };
		8BF98EE12712389A00DD8AAE /* SaveCSV.swift in Sources */ = {isa = PBXBuildFile; fileRef = 8BF98EE02712389A00DD8AAE /* SaveCSV.swift */; };
		8BF98EE32713BEF800DD8AAE /* GenerateMultipleTimesStatistics.swift in Sources */ = {isa = PBXBuildFile; fileRef = 8BF98EE22713BEF800DD8AAE /* GenerateMultipleTimesStatistics.swift */; };
		8BF98EE52713C05800DD8AAE /* BarChart.swift in Sources */ = {isa = PBXBuildFile; fileRef = 8BF98EE42713C05800DD8AAE /* BarChart.swift */; };
		8BF98EE72713C0B600DD8AAE /* Array+Extensions.swift in Sources */ = {isa = PBXBuildFile; fileRef = 8BF98EE62713C0B600DD8AAE /* Array+Extensions.swift */; };
/* End PBXBuildFile section */

/* Begin PBXFileReference section */
		8B0AF9E72716664E009142BB /* MailView.swift */ = {isa = PBXFileReference; lastKnownFileType = sourcecode.swift; path = MailView.swift; sourceTree = "<group>"; };
		8B29756E26DC7ECF0038CD92 /* DateGenerator.swift */ = {isa = PBXFileReference; lastKnownFileType = sourcecode.swift; path = DateGenerator.swift; sourceTree = "<group>"; };
		8B29757026DCAAB20038CD92 /* MapGenerator.swift */ = {isa = PBXFileReference; lastKnownFileType = sourcecode.swift; path = MapGenerator.swift; sourceTree = "<group>"; };
		8B52DB03271F11A100A8EF70 /* purple@3x.png */ = {isa = PBXFileReference; lastKnownFileType = image.png; path = "purple@3x.png"; sourceTree = "<group>"; };
		8B52DB04271F11A100A8EF70 /* fire@3x.png */ = {isa = PBXFileReference; lastKnownFileType = image.png; path = "fire@3x.png"; sourceTree = "<group>"; };
		8B52DB05271F11A100A8EF70 /* pink@3x.png */ = {isa = PBXFileReference; lastKnownFileType = image.png; path = "pink@3x.png"; sourceTree = "<group>"; };
		8B52DB06271F11A100A8EF70 /* yellow-orange@3x.png */ = {isa = PBXFileReference; lastKnownFileType = image.png; path = "yellow-orange@3x.png"; sourceTree = "<group>"; };
		8B52DB07271F11A100A8EF70 /* orange-red@3x.png */ = {isa = PBXFileReference; lastKnownFileType = image.png; path = "orange-red@3x.png"; sourceTree = "<group>"; };
		8B52DB08271F11A100A8EF70 /* bright-red@3x.png */ = {isa = PBXFileReference; lastKnownFileType = image.png; path = "bright-red@3x.png"; sourceTree = "<group>"; };
		8B52DB09271F11A100A8EF70 /* purple-pink@3x.png */ = {isa = PBXFileReference; lastKnownFileType = image.png; path = "purple-pink@3x.png"; sourceTree = "<group>"; };
		8B52DB11271F127200A8EF70 /* yellow-orange@2x.png */ = {isa = PBXFileReference; lastKnownFileType = image.png; path = "yellow-orange@2x.png"; sourceTree = "<group>"; };
		8B52DB12271F127200A8EF70 /* pink@2x.png */ = {isa = PBXFileReference; lastKnownFileType = image.png; path = "pink@2x.png"; sourceTree = "<group>"; };
		8B52DB13271F127200A8EF70 /* bright-red@2x.png */ = {isa = PBXFileReference; lastKnownFileType = image.png; path = "bright-red@2x.png"; sourceTree = "<group>"; };
		8B52DB14271F127200A8EF70 /* purple@2x.png */ = {isa = PBXFileReference; lastKnownFileType = image.png; path = "purple@2x.png"; sourceTree = "<group>"; };
		8B52DB15271F127200A8EF70 /* orange-red@2x.png */ = {isa = PBXFileReference; lastKnownFileType = image.png; path = "orange-red@2x.png"; sourceTree = "<group>"; };
		8B52DB16271F127200A8EF70 /* fire@2x.png */ = {isa = PBXFileReference; lastKnownFileType = image.png; path = "fire@2x.png"; sourceTree = "<group>"; };
		8B52DB17271F127200A8EF70 /* purple-pink@2x.png */ = {isa = PBXFileReference; lastKnownFileType = image.png; path = "purple-pink@2x.png"; sourceTree = "<group>"; };
		8B52DB222720592E00A8EF70 /* AppIcon.swift */ = {isa = PBXFileReference; lastKnownFileType = sourcecode.swift; path = AppIcon.swift; sourceTree = "<group>"; };
		8B5B4F3D26D98377001994F4 /* SettingsMenu.swift */ = {isa = PBXFileReference; lastKnownFileType = sourcecode.swift; path = SettingsMenu.swift; sourceTree = "<group>"; };
		8B61A02C26DAF2CC007DBC50 /* CardRandomizer.swift */ = {isa = PBXFileReference; lastKnownFileType = sourcecode.swift; path = CardRandomizer.swift; sourceTree = "<group>"; usesTabs = 0; };
		8B690BBC26DDB83200413FDA /* UIColor+Extensions.swift */ = {isa = PBXFileReference; lastKnownFileType = sourcecode.swift; path = "UIColor+Extensions.swift"; sourceTree = "<group>"; };
		8B74E1C526D6CD1A00886949 /* Random Things Generator.app */ = {isa = PBXFileReference; explicitFileType = wrapper.application; includeInIndex = 0; path = "Random Things Generator.app"; sourceTree = BUILT_PRODUCTS_DIR; };
		8B74E1C826D6CD1A00886949 /* Random_Things_GeneratorApp.swift */ = {isa = PBXFileReference; lastKnownFileType = sourcecode.swift; path = Random_Things_GeneratorApp.swift; sourceTree = "<group>"; };
		8B74E1CA26D6CD1A00886949 /* ContentView.swift */ = {isa = PBXFileReference; lastKnownFileType = sourcecode.swift; path = ContentView.swift; sourceTree = "<group>"; };
		8B74E1CC26D6CD1B00886949 /* Assets.xcassets */ = {isa = PBXFileReference; lastKnownFileType = folder.assetcatalog; path = Assets.xcassets; sourceTree = "<group>"; };
		8B74E1CF26D6CD1B00886949 /* Preview Assets.xcassets */ = {isa = PBXFileReference; lastKnownFileType = folder.assetcatalog; path = "Preview Assets.xcassets"; sourceTree = "<group>"; };
		8B74E1D126D6CD1B00886949 /* Persistence.swift */ = {isa = PBXFileReference; lastKnownFileType = sourcecode.swift; path = Persistence.swift; sourceTree = "<group>"; };
		8B74E1D426D6CD1B00886949 /* Random_Things_Generator.xcdatamodel */ = {isa = PBXFileReference; lastKnownFileType = wrapper.xcdatamodel; path = Random_Things_Generator.xcdatamodel; sourceTree = "<group>"; };
		8B74E1E026D7093700886949 /* HomeView.swift */ = {isa = PBXFileReference; lastKnownFileType = sourcecode.swift; path = HomeView.swift; sourceTree = "<group>"; };
		8B74E1E726D75DDD00886949 /* NumberGenerator.swift */ = {isa = PBXFileReference; lastKnownFileType = sourcecode.swift; path = NumberGenerator.swift; sourceTree = "<group>"; };
		8B74E1EA26D760FA00886949 /* RandomizeButton.swift */ = {isa = PBXFileReference; lastKnownFileType = sourcecode.swift; path = RandomizeButton.swift; sourceTree = "<group>"; };
		8B74E1EF26D89FB900886949 /* Int+Extensions.swift */ = {isa = PBXFileReference; lastKnownFileType = sourcecode.swift; path = "Int+Extensions.swift"; sourceTree = "<group>"; };
		8B7C931D26E041450046032F /* ShareSheet.swift */ = {isa = PBXFileReference; lastKnownFileType = sourcecode.swift; path = ShareSheet.swift; sourceTree = "<group>"; };
		8B7E861A26D98AE4004B0011 /* Binding+Extensions.swift */ = {isa = PBXFileReference; lastKnownFileType = sourcecode.swift; path = "Binding+Extensions.swift"; sourceTree = "<group>"; };
		8B7E861D26D99563004B0011 /* ThemeColor.swift */ = {isa = PBXFileReference; lastKnownFileType = sourcecode.swift; path = ThemeColor.swift; sourceTree = "<group>"; };
		8B7E862726D9ED64004B0011 /* CoinFlipper.swift */ = {isa = PBXFileReference; lastKnownFileType = sourcecode.swift; path = CoinFlipper.swift; sourceTree = "<group>"; };
		8B7E862926D9EDB7004B0011 /* RandomGeneratorView.swift */ = {isa = PBXFileReference; lastKnownFileType = sourcecode.swift; path = RandomGeneratorView.swift; sourceTree = "<group>"; };
		8B95E5CA26E5600500349D4C /* TextFieldAlert.swift */ = {isa = PBXFileReference; lastKnownFileType = sourcecode.swift; path = TextFieldAlert.swift; sourceTree = "<group>"; };
		8B95E5CC26E6B0A200349D4C /* ListItem+CoreDataClass.swift */ = {isa = PBXFileReference; lastKnownFileType = sourcecode.swift; path = "ListItem+CoreDataClass.swift"; sourceTree = SOURCE_ROOT; };
		8B95E5CD26E6B0A200349D4C /* ListItem+CoreDataProperties.swift */ = {isa = PBXFileReference; lastKnownFileType = sourcecode.swift; path = "ListItem+CoreDataProperties.swift"; sourceTree = SOURCE_ROOT; };
		8B95E5D026E6B2A300349D4C /* ListItemDetail.swift */ = {isa = PBXFileReference; lastKnownFileType = sourcecode.swift; path = ListItemDetail.swift; sourceTree = "<group>"; };
		8B9FEFDC26DE1B3200D24301 /* Random+CoreDataClass.swift */ = {isa = PBXFileReference; lastKnownFileType = sourcecode.swift; path = "Random+CoreDataClass.swift"; sourceTree = SOURCE_ROOT; };
		8B9FEFDD26DE1B3200D24301 /* Random+CoreDataProperties.swift */ = {isa = PBXFileReference; lastKnownFileType = sourcecode.swift; path = "Random+CoreDataProperties.swift"; sourceTree = SOURCE_ROOT; };
		8B9FEFE026DE1C9800D24301 /* RandomHistory.swift */ = {isa = PBXFileReference; lastKnownFileType = sourcecode.swift; path = RandomHistory.swift; sourceTree = "<group>"; };
		8B9FEFE426DE233500D24301 /* CloudKit.framework */ = {isa = PBXFileReference; lastKnownFileType = wrapper.framework; name = CloudKit.framework; path = System/Library/Frameworks/CloudKit.framework; sourceTree = SDKROOT; };
		8BB2A22D26E4145700C27B0A /* Color+Extensions.swift */ = {isa = PBXFileReference; fileEncoding = 4; lastKnownFileType = sourcecode.swift; path = "Color+Extensions.swift"; sourceTree = "<group>"; };
		8BB2A23126E432E800C27B0A /* ListsGenerator.swift */ = {isa = PBXFileReference; lastKnownFileType = sourcecode.swift; path = ListsGenerator.swift; sourceTree = "<group>"; };
		8BB2A23326E474AC00C27B0A /* GeneratorLists.swift */ = {isa = PBXFileReference; lastKnownFileType = sourcecode.swift; path = GeneratorLists.swift; sourceTree = "<group>"; };
		8BB2A23526E4760100C27B0A /* GeneratorList+CoreDataClass.swift */ = {isa = PBXFileReference; lastKnownFileType = sourcecode.swift; path = "GeneratorList+CoreDataClass.swift"; sourceTree = SOURCE_ROOT; };
		8BB2A23626E4760100C27B0A /* GeneratorList+CoreDataProperties.swift */ = {isa = PBXFileReference; lastKnownFileType = sourcecode.swift; path = "GeneratorList+CoreDataProperties.swift"; sourceTree = SOURCE_ROOT; };
		8BB2A23926E4788300C27B0A /* Add List.swift */ = {isa = PBXFileReference; fileEncoding = 4; lastKnownFileType = sourcecode.swift; path = "Add List.swift"; sourceTree = "<group>"; };
		8BBC19652715C462002FEB5C /* GeneratorPreferences+CoreDataClass.swift */ = {isa = PBXFileReference; lastKnownFileType = sourcecode.swift; path = "GeneratorPreferences+CoreDataClass.swift"; sourceTree = SOURCE_ROOT; };
		8BBC19662715C462002FEB5C /* GeneratorPreferences+CoreDataProperties.swift */ = {isa = PBXFileReference; lastKnownFileType = sourcecode.swift; path = "GeneratorPreferences+CoreDataProperties.swift"; sourceTree = SOURCE_ROOT; };
		8BCB7458270F33D100EFAE2B /* UserPreferences.swift */ = {isa = PBXFileReference; lastKnownFileType = sourcecode.swift; path = UserPreferences.swift; sourceTree = "<group>"; };
		8BCB745A270F3E4800EFAE2B /* HatPicker.swift */ = {isa = PBXFileReference; lastKnownFileType = sourcecode.swift; path = HatPicker.swift; sourceTree = "<group>"; };
		8BD23D2426DEDEA8003C5489 /* Random-Things-Generator-Info.plist */ = {isa = PBXFileReference; lastKnownFileType = text.plist; path = "Random-Things-Generator-Info.plist"; sourceTree = SOURCE_ROOT; };
		8BF761E726FC22C20018686F /* Random Things Generator.entitlements */ = {isa = PBXFileReference; lastKnownFileType = text.plist.entitlements; path = "Random Things Generator.entitlements"; sourceTree = "<group>"; };
		8BF98EDA27114C4000DD8AAE /* ColorGenerator.swift */ = {isa = PBXFileReference; lastKnownFileType = sourcecode.swift; path = ColorGenerator.swift; sourceTree = "<group>"; };
		8BF98EDD2711561400DD8AAE /* GenerateMultipleTimes.swift */ = {isa = PBXFileReference; lastKnownFileType = sourcecode.swift; path = GenerateMultipleTimes.swift; sourceTree = "<group>"; };
		8BF98EE02712389A00DD8AAE /* SaveCSV.swift */ = {isa = PBXFileReference; lastKnownFileType = sourcecode.swift; path = SaveCSV.swift; sourceTree = "<group>"; };
		8BF98EE22713BEF800DD8AAE /* GenerateMultipleTimesStatistics.swift */ = {isa = PBXFileReference; lastKnownFileType = sourcecode.swift; path = GenerateMultipleTimesStatistics.swift; sourceTree = "<group>"; };
		8BF98EE42713C05800DD8AAE /* BarChart.swift */ = {isa = PBXFileReference; lastKnownFileType = sourcecode.swift; path = BarChart.swift; sourceTree = "<group>"; };
		8BF98EE62713C0B600DD8AAE /* Array+Extensions.swift */ = {isa = PBXFileReference; lastKnownFileType = sourcecode.swift; path = "Array+Extensions.swift"; sourceTree = "<group>"; };
/* End PBXFileReference section */

/* Begin PBXFrameworksBuildPhase section */
		8B74E1C226D6CD1A00886949 /* Frameworks */ = {
			isa = PBXFrameworksBuildPhase;
			buildActionMask = 2147483647;
			files = (
				8B7C932126E042F20046032F /* CSV in Frameworks */,
				8BF761E826FC23740018686F /* CloudKit.framework in Frameworks */,
			);
			runOnlyForDeploymentPostprocessing = 0;
		};
/* End PBXFrameworksBuildPhase section */

/* Begin PBXGroup section */
		8B52DB02271F119500A8EF70 /* Icons */ = {
			isa = PBXGroup;
			children = (
				8B52DB13271F127200A8EF70 /* bright-red@2x.png */,
				8B52DB16271F127200A8EF70 /* fire@2x.png */,
				8B52DB15271F127200A8EF70 /* orange-red@2x.png */,
				8B52DB12271F127200A8EF70 /* pink@2x.png */,
				8B52DB17271F127200A8EF70 /* purple-pink@2x.png */,
				8B52DB14271F127200A8EF70 /* purple@2x.png */,
				8B52DB11271F127200A8EF70 /* yellow-orange@2x.png */,
				8B52DB08271F11A100A8EF70 /* bright-red@3x.png */,
				8B52DB04271F11A100A8EF70 /* fire@3x.png */,
				8B52DB07271F11A100A8EF70 /* orange-red@3x.png */,
				8B52DB05271F11A100A8EF70 /* pink@3x.png */,
				8B52DB09271F11A100A8EF70 /* purple-pink@3x.png */,
				8B52DB03271F11A100A8EF70 /* purple@3x.png */,
				8B52DB06271F11A100A8EF70 /* yellow-orange@3x.png */,
			);
			path = Icons;
			sourceTree = "<group>";
		};
		8B52DB212720591E00A8EF70 /* App Icon */ = {
			isa = PBXGroup;
			children = (
				8B52DB222720592E00A8EF70 /* AppIcon.swift */,
			);
			path = "App Icon";
			sourceTree = "<group>";
		};
		8B5B4F3F26D9837C001994F4 /* SettingsMenu */ = {
			isa = PBXGroup;
			children = (
				8B7E861C26D99552004B0011 /* Theme */,
				8B52DB212720591E00A8EF70 /* App Icon */,
				8B5B4F3D26D98377001994F4 /* SettingsMenu.swift */,
			);
			path = SettingsMenu;
			sourceTree = "<group>";
		};
		8B74E1BC26D6CD1A00886949 = {
			isa = PBXGroup;
			children = (
				8B74E1C726D6CD1A00886949 /* Random Things Generator */,
				8B74E1C626D6CD1A00886949 /* Products */,
				8B9FEFE326DE233500D24301 /* Frameworks */,
			);
			sourceTree = "<group>";
		};
		8B74E1C626D6CD1A00886949 /* Products */ = {
			isa = PBXGroup;
			children = (
				8B74E1C526D6CD1A00886949 /* Random Things Generator.app */,
			);
			name = Products;
			sourceTree = "<group>";
		};
		8B74E1C726D6CD1A00886949 /* Random Things Generator */ = {
			isa = PBXGroup;
			children = (
				8BF761E726FC22C20018686F /* Random Things Generator.entitlements */,
				8BD23D2426DEDEA8003C5489 /* Random-Things-Generator-Info.plist */,
				8B9FEFDB26DE1AF000D24301 /* Core Data Model */,
				8BF98EDF2712388500DD8AAE /* Model */,
				8B74E1DB26D6CDAA00886949 /* Application */,
				8B74E1DD26D6CDD900886949 /* Common */,
				8B74E1DF26D6CDFD00886949 /* Assets */,
				8B74E1D326D6CD1B00886949 /* Random_Things_Generator.xcdatamodeld */,
				8B74E1CE26D6CD1B00886949 /* Preview Content */,
			);
			path = "Random Things Generator";
			sourceTree = "<group>";
		};
		8B74E1CE26D6CD1B00886949 /* Preview Content */ = {
			isa = PBXGroup;
			children = (
				8B74E1CF26D6CD1B00886949 /* Preview Assets.xcassets */,
			);
			path = "Preview Content";
			sourceTree = "<group>";
		};
		8B74E1DB26D6CDAA00886949 /* Application */ = {
			isa = PBXGroup;
			children = (
				8B74E1DC26D6CDBE00886949 /* Main */,
				8B5B4F3F26D9837C001994F4 /* SettingsMenu */,
				8B74E1E426D75D8A00886949 /* Random Generators */,
			);
			path = Application;
			sourceTree = "<group>";
		};
		8B74E1DC26D6CDBE00886949 /* Main */ = {
			isa = PBXGroup;
			children = (
				8B74E1D126D6CD1B00886949 /* Persistence.swift */,
				8B74E1C826D6CD1A00886949 /* Random_Things_GeneratorApp.swift */,
				8B74E1CA26D6CD1A00886949 /* ContentView.swift */,
				8B74E1E026D7093700886949 /* HomeView.swift */,
				8BCB7458270F33D100EFAE2B /* UserPreferences.swift */,
			);
			path = Main;
			sourceTree = "<group>";
		};
		8B74E1DD26D6CDD900886949 /* Common */ = {
			isa = PBXGroup;
			children = (
				8B74E1E926D760EE00886949 /* Views */,
				8B74E1DE26D6CDDF00886949 /* Extensions */,
			);
			path = Common;
			sourceTree = "<group>";
		};
		8B74E1DE26D6CDDF00886949 /* Extensions */ = {
			isa = PBXGroup;
			children = (
				8BB2A22D26E4145700C27B0A /* Color+Extensions.swift */,
				8B74E1EF26D89FB900886949 /* Int+Extensions.swift */,
				8B7E861A26D98AE4004B0011 /* Binding+Extensions.swift */,
				8B690BBC26DDB83200413FDA /* UIColor+Extensions.swift */,
				8BF98EE62713C0B600DD8AAE /* Array+Extensions.swift */,
			);
			path = Extensions;
			sourceTree = "<group>";
		};
		8B74E1DF26D6CDFD00886949 /* Assets */ = {
			isa = PBXGroup;
			children = (
				8B52DB02271F119500A8EF70 /* Icons */,
				8B74E1CC26D6CD1B00886949 /* Assets.xcassets */,
			);
			path = Assets;
			sourceTree = "<group>";
		};
		8B74E1E426D75D8A00886949 /* Random Generators */ = {
			isa = PBXGroup;
			children = (
				8BF98EDC271155F300DD8AAE /* Common */,
				8B74E1E726D75DDD00886949 /* NumberGenerator.swift */,
				8B7E862726D9ED64004B0011 /* CoinFlipper.swift */,
				8B61A02C26DAF2CC007DBC50 /* CardRandomizer.swift */,
				8B29756E26DC7ECF0038CD92 /* DateGenerator.swift */,
				8B29757026DCAAB20038CD92 /* MapGenerator.swift */,
				8BF98EDA27114C4000DD8AAE /* ColorGenerator.swift */,
				8BB2A23B26E4789600C27B0A /* Custom Lists */,
			);
			path = "Random Generators";
			sourceTree = "<group>";
		};
		8B74E1E926D760EE00886949 /* Views */ = {
			isa = PBXGroup;
			children = (
				8B74E1EA26D760FA00886949 /* RandomizeButton.swift */,
				8B7C931D26E041450046032F /* ShareSheet.swift */,
				8B95E5CA26E5600500349D4C /* TextFieldAlert.swift */,
				8BF98EE42713C05800DD8AAE /* BarChart.swift */,
				8B0AF9E72716664E009142BB /* MailView.swift */,
			);
			path = Views;
			sourceTree = "<group>";
		};
		8B7E861C26D99552004B0011 /* Theme */ = {
			isa = PBXGroup;
			children = (
				8B7E861D26D99563004B0011 /* ThemeColor.swift */,
			);
			path = Theme;
			sourceTree = "<group>";
		};
		8B9FEFDB26DE1AF000D24301 /* Core Data Model */ = {
			isa = PBXGroup;
			children = (
				8BBC19652715C462002FEB5C /* GeneratorPreferences+CoreDataClass.swift */,
				8BBC19662715C462002FEB5C /* GeneratorPreferences+CoreDataProperties.swift */,
				8B95E5CC26E6B0A200349D4C /* ListItem+CoreDataClass.swift */,
				8B95E5CD26E6B0A200349D4C /* ListItem+CoreDataProperties.swift */,
				8BB2A23526E4760100C27B0A /* GeneratorList+CoreDataClass.swift */,
				8BB2A23626E4760100C27B0A /* GeneratorList+CoreDataProperties.swift */,
				8B9FEFDC26DE1B3200D24301 /* Random+CoreDataClass.swift */,
				8B9FEFDD26DE1B3200D24301 /* Random+CoreDataProperties.swift */,
			);
			path = "Core Data Model";
			sourceTree = "<group>";
		};
		8B9FEFE326DE233500D24301 /* Frameworks */ = {
			isa = PBXGroup;
			children = (
				8B9FEFE426DE233500D24301 /* CloudKit.framework */,
			);
			name = Frameworks;
			sourceTree = "<group>";
		};
		8BB2A23B26E4789600C27B0A /* Custom Lists */ = {
			isa = PBXGroup;
			children = (
				8BB2A23926E4788300C27B0A /* Add List.swift */,
				8BB2A23326E474AC00C27B0A /* GeneratorLists.swift */,
				8B95E5D026E6B2A300349D4C /* ListItemDetail.swift */,
				8BB2A23126E432E800C27B0A /* ListsGenerator.swift */,
				8BCB745A270F3E4800EFAE2B /* HatPicker.swift */,
			);
			path = "Custom Lists";
			sourceTree = "<group>";
		};
		8BF98EDC271155F300DD8AAE /* Common */ = {
			isa = PBXGroup;
			children = (
				8B7E862926D9EDB7004B0011 /* RandomGeneratorView.swift */,
				8B9FEFE026DE1C9800D24301 /* RandomHistory.swift */,
				8BF98EDD2711561400DD8AAE /* GenerateMultipleTimes.swift */,
				8BF98EE22713BEF800DD8AAE /* GenerateMultipleTimesStatistics.swift */,
			);
			path = Common;
			sourceTree = "<group>";
		};
		8BF98EDF2712388500DD8AAE /* Model */ = {
			isa = PBXGroup;
			children = (
				8BF98EE02712389A00DD8AAE /* SaveCSV.swift */,
			);
			path = Model;
			sourceTree = "<group>";
		};
/* End PBXGroup section */

/* Begin PBXNativeTarget section */
		8B74E1C426D6CD1A00886949 /* Random Things Generator */ = {
			isa = PBXNativeTarget;
			buildConfigurationList = 8B74E1D826D6CD1B00886949 /* Build configuration list for PBXNativeTarget "Random Things Generator" */;
			buildPhases = (
				8B74E1C126D6CD1A00886949 /* Sources */,
				8B74E1C226D6CD1A00886949 /* Frameworks */,
				8B74E1C326D6CD1A00886949 /* Resources */,
			);
			buildRules = (
			);
			dependencies = (
			);
			name = "Random Things Generator";
			packageProductDependencies = (
				8B7C932026E042F20046032F /* CSV */,
			);
			productName = "Random Things Generator";
			productReference = 8B74E1C526D6CD1A00886949 /* Random Things Generator.app */;
			productType = "com.apple.product-type.application";
		};
/* End PBXNativeTarget section */

/* Begin PBXProject section */
		8B74E1BD26D6CD1A00886949 /* Project object */ = {
			isa = PBXProject;
			attributes = {
				BuildIndependentTargetsInParallel = 1;
				LastSwiftUpdateCheck = 1300;
				LastUpgradeCheck = 1300;
				TargetAttributes = {
					8B74E1C426D6CD1A00886949 = {
						CreatedOnToolsVersion = 13.0;
					};
				};
			};
			buildConfigurationList = 8B74E1C026D6CD1A00886949 /* Build configuration list for PBXProject "Random Things Generator" */;
			compatibilityVersion = "Xcode 13.0";
			developmentRegion = en;
			hasScannedForEncodings = 0;
			knownRegions = (
				en,
				Base,
			);
			mainGroup = 8B74E1BC26D6CD1A00886949;
			packageReferences = (
				8B7C931F26E042F20046032F /* XCRemoteSwiftPackageReference "CSV.swift" */,
			);
			productRefGroup = 8B74E1C626D6CD1A00886949 /* Products */;
			projectDirPath = "";
			projectRoot = "";
			targets = (
				8B74E1C426D6CD1A00886949 /* Random Things Generator */,
			);
		};
/* End PBXProject section */

/* Begin PBXResourcesBuildPhase section */
		8B74E1C326D6CD1A00886949 /* Resources */ = {
			isa = PBXResourcesBuildPhase;
			buildActionMask = 2147483647;
			files = (
				8B52DB0A271F11A100A8EF70 /* purple@3x.png in Resources */,
				8B52DB0E271F11A100A8EF70 /* orange-red@3x.png in Resources */,
				8B52DB1C271F127200A8EF70 /* orange-red@2x.png in Resources */,
				8B52DB10271F11A100A8EF70 /* purple-pink@3x.png in Resources */,
				8B74E1D026D6CD1B00886949 /* Preview Assets.xcassets in Resources */,
				8B52DB18271F127200A8EF70 /* yellow-orange@2x.png in Resources */,
				8B52DB1E271F127200A8EF70 /* purple-pink@2x.png in Resources */,
				8B52DB1D271F127200A8EF70 /* fire@2x.png in Resources */,
				8B74E1CD26D6CD1B00886949 /* Assets.xcassets in Resources */,
				8B52DB1A271F127200A8EF70 /* bright-red@2x.png in Resources */,
				8B52DB0D271F11A100A8EF70 /* yellow-orange@3x.png in Resources */,
				8B52DB1B271F127200A8EF70 /* purple@2x.png in Resources */,
				8B52DB0C271F11A100A8EF70 /* pink@3x.png in Resources */,
				8B52DB19271F127200A8EF70 /* pink@2x.png in Resources */,
				8B52DB0B271F11A100A8EF70 /* fire@3x.png in Resources */,
				8B52DB0F271F11A100A8EF70 /* bright-red@3x.png in Resources */,
			);
			runOnlyForDeploymentPostprocessing = 0;
		};
/* End PBXResourcesBuildPhase section */

/* Begin PBXSourcesBuildPhase section */
		8B74E1C126D6CD1A00886949 /* Sources */ = {
			isa = PBXSourcesBuildPhase;
			buildActionMask = 2147483647;
			files = (
				8BCB745B270F3E4800EFAE2B /* HatPicker.swift in Sources */,
				8B7E861E26D99563004B0011 /* ThemeColor.swift in Sources */,
				8BCB7459270F33D100EFAE2B /* UserPreferences.swift in Sources */,
				8B74E1D226D6CD1B00886949 /* Persistence.swift in Sources */,
				8B74E1CB26D6CD1A00886949 /* ContentView.swift in Sources */,
				8B9FEFDE26DE1B3200D24301 /* Random+CoreDataClass.swift in Sources */,
				8BBC19682715C462002FEB5C /* GeneratorPreferences+CoreDataProperties.swift in Sources */,
				8B52DB232720592E00A8EF70 /* AppIcon.swift in Sources */,
				8BB2A22E26E4145700C27B0A /* Color+Extensions.swift in Sources */,
				8B29756F26DC7ECF0038CD92 /* DateGenerator.swift in Sources */,
				8B95E5CF26E6B0A200349D4C /* ListItem+CoreDataProperties.swift in Sources */,
				8BF98EDB27114C4000DD8AAE /* ColorGenerator.swift in Sources */,
				8B74E1C926D6CD1A00886949 /* Random_Things_GeneratorApp.swift in Sources */,
				8B9FEFDF26DE1B3200D24301 /* Random+CoreDataProperties.swift in Sources */,
				8B74E1E126D7093700886949 /* HomeView.swift in Sources */,
				8B7E862A26D9EDB7004B0011 /* RandomGeneratorView.swift in Sources */,
				8B95E5CB26E5600500349D4C /* TextFieldAlert.swift in Sources */,
				8B74E1D526D6CD1B00886949 /* Random_Things_Generator.xcdatamodeld in Sources */,
				8B9FEFE126DE1C9800D24301 /* RandomHistory.swift in Sources */,
				8B74E1E826D75DDD00886949 /* NumberGenerator.swift in Sources */,
				8B0AF9E82716664E009142BB /* MailView.swift in Sources */,
				8B29757126DCAAB20038CD92 /* MapGenerator.swift in Sources */,
				8B690BBD26DDB83200413FDA /* UIColor+Extensions.swift in Sources */,
				8BB2A23826E4760100C27B0A /* GeneratorList+CoreDataProperties.swift in Sources */,
				8BBC19672715C462002FEB5C /* GeneratorPreferences+CoreDataClass.swift in Sources */,
				8B7E862826D9ED64004B0011 /* CoinFlipper.swift in Sources */,
				8BF98EE72713C0B600DD8AAE /* Array+Extensions.swift in Sources */,
				8B74E1EB26D760FA00886949 /* RandomizeButton.swift in Sources */,
				8B7E861B26D98AE4004B0011 /* Binding+Extensions.swift in Sources */,
				8B74E1F026D89FB900886949 /* Int+Extensions.swift in Sources */,
				8B5B4F3E26D98377001994F4 /* SettingsMenu.swift in Sources */,
				8B61A02D26DAF2CC007DBC50 /* CardRandomizer.swift in Sources */,
				8BF98EDE2711561400DD8AAE /* GenerateMultipleTimes.swift in Sources */,
				8BB2A23726E4760100C27B0A /* GeneratorList+CoreDataClass.swift in Sources */,
				8BB2A23426E474AC00C27B0A /* GeneratorLists.swift in Sources */,
				8BF98EE52713C05800DD8AAE /* BarChart.swift in Sources */,
				8B95E5D126E6B2A300349D4C /* ListItemDetail.swift in Sources */,
				8BB2A23A26E4788300C27B0A /* Add List.swift in Sources */,
				8BF98EE32713BEF800DD8AAE /* GenerateMultipleTimesStatistics.swift in Sources */,
				8BB2A23226E432E800C27B0A /* ListsGenerator.swift in Sources */,
				8B95E5CE26E6B0A200349D4C /* ListItem+CoreDataClass.swift in Sources */,
				8B7C931E26E041450046032F /* ShareSheet.swift in Sources */,
				8BF98EE12712389A00DD8AAE /* SaveCSV.swift in Sources */,
			);
			runOnlyForDeploymentPostprocessing = 0;
		};
/* End PBXSourcesBuildPhase section */

/* Begin XCBuildConfiguration section */
		8B74E1D626D6CD1B00886949 /* Debug */ = {
			isa = XCBuildConfiguration;
			buildSettings = {
				ALWAYS_SEARCH_USER_PATHS = NO;
				CLANG_ANALYZER_NONNULL = YES;
				CLANG_ANALYZER_NUMBER_OBJECT_CONVERSION = YES_AGGRESSIVE;
				CLANG_CXX_LANGUAGE_STANDARD = "gnu++17";
				CLANG_CXX_LIBRARY = "libc++";
				CLANG_ENABLE_MODULES = YES;
				CLANG_ENABLE_OBJC_ARC = YES;
				CLANG_ENABLE_OBJC_WEAK = YES;
				CLANG_WARN_BLOCK_CAPTURE_AUTORELEASING = YES;
				CLANG_WARN_BOOL_CONVERSION = YES;
				CLANG_WARN_COMMA = YES;
				CLANG_WARN_CONSTANT_CONVERSION = YES;
				CLANG_WARN_DEPRECATED_OBJC_IMPLEMENTATIONS = YES;
				CLANG_WARN_DIRECT_OBJC_ISA_USAGE = YES_ERROR;
				CLANG_WARN_DOCUMENTATION_COMMENTS = YES;
				CLANG_WARN_EMPTY_BODY = YES;
				CLANG_WARN_ENUM_CONVERSION = YES;
				CLANG_WARN_INFINITE_RECURSION = YES;
				CLANG_WARN_INT_CONVERSION = YES;
				CLANG_WARN_NON_LITERAL_NULL_CONVERSION = YES;
				CLANG_WARN_OBJC_IMPLICIT_RETAIN_SELF = YES;
				CLANG_WARN_OBJC_LITERAL_CONVERSION = YES;
				CLANG_WARN_OBJC_ROOT_CLASS = YES_ERROR;
				CLANG_WARN_QUOTED_INCLUDE_IN_FRAMEWORK_HEADER = YES;
				CLANG_WARN_RANGE_LOOP_ANALYSIS = YES;
				CLANG_WARN_STRICT_PROTOTYPES = YES;
				CLANG_WARN_SUSPICIOUS_MOVE = YES;
				CLANG_WARN_UNGUARDED_AVAILABILITY = YES_AGGRESSIVE;
				CLANG_WARN_UNREACHABLE_CODE = YES;
				CLANG_WARN__DUPLICATE_METHOD_MATCH = YES;
				COPY_PHASE_STRIP = NO;
				DEBUG_INFORMATION_FORMAT = dwarf;
				ENABLE_STRICT_OBJC_MSGSEND = YES;
				ENABLE_TESTABILITY = YES;
				GCC_C_LANGUAGE_STANDARD = gnu11;
				GCC_DYNAMIC_NO_PIC = NO;
				GCC_NO_COMMON_BLOCKS = YES;
				GCC_OPTIMIZATION_LEVEL = 0;
				GCC_PREPROCESSOR_DEFINITIONS = (
					"DEBUG=1",
					"$(inherited)",
				);
				GCC_WARN_64_TO_32_BIT_CONVERSION = YES;
				GCC_WARN_ABOUT_RETURN_TYPE = YES_ERROR;
				GCC_WARN_UNDECLARED_SELECTOR = YES;
				GCC_WARN_UNINITIALIZED_AUTOS = YES_AGGRESSIVE;
				GCC_WARN_UNUSED_FUNCTION = YES;
				GCC_WARN_UNUSED_VARIABLE = YES;
				IPHONEOS_DEPLOYMENT_TARGET = 15.0;
				MTL_ENABLE_DEBUG_INFO = INCLUDE_SOURCE;
				MTL_FAST_MATH = YES;
				ONLY_ACTIVE_ARCH = YES;
				SDKROOT = iphoneos;
				SWIFT_ACTIVE_COMPILATION_CONDITIONS = DEBUG;
				SWIFT_OPTIMIZATION_LEVEL = "-Onone";
			};
			name = Debug;
		};
		8B74E1D726D6CD1B00886949 /* Release */ = {
			isa = XCBuildConfiguration;
			buildSettings = {
				ALWAYS_SEARCH_USER_PATHS = NO;
				CLANG_ANALYZER_NONNULL = YES;
				CLANG_ANALYZER_NUMBER_OBJECT_CONVERSION = YES_AGGRESSIVE;
				CLANG_CXX_LANGUAGE_STANDARD = "gnu++17";
				CLANG_CXX_LIBRARY = "libc++";
				CLANG_ENABLE_MODULES = YES;
				CLANG_ENABLE_OBJC_ARC = YES;
				CLANG_ENABLE_OBJC_WEAK = YES;
				CLANG_WARN_BLOCK_CAPTURE_AUTORELEASING = YES;
				CLANG_WARN_BOOL_CONVERSION = YES;
				CLANG_WARN_COMMA = YES;
				CLANG_WARN_CONSTANT_CONVERSION = YES;
				CLANG_WARN_DEPRECATED_OBJC_IMPLEMENTATIONS = YES;
				CLANG_WARN_DIRECT_OBJC_ISA_USAGE = YES_ERROR;
				CLANG_WARN_DOCUMENTATION_COMMENTS = YES;
				CLANG_WARN_EMPTY_BODY = YES;
				CLANG_WARN_ENUM_CONVERSION = YES;
				CLANG_WARN_INFINITE_RECURSION = YES;
				CLANG_WARN_INT_CONVERSION = YES;
				CLANG_WARN_NON_LITERAL_NULL_CONVERSION = YES;
				CLANG_WARN_OBJC_IMPLICIT_RETAIN_SELF = YES;
				CLANG_WARN_OBJC_LITERAL_CONVERSION = YES;
				CLANG_WARN_OBJC_ROOT_CLASS = YES_ERROR;
				CLANG_WARN_QUOTED_INCLUDE_IN_FRAMEWORK_HEADER = YES;
				CLANG_WARN_RANGE_LOOP_ANALYSIS = YES;
				CLANG_WARN_STRICT_PROTOTYPES = YES;
				CLANG_WARN_SUSPICIOUS_MOVE = YES;
				CLANG_WARN_UNGUARDED_AVAILABILITY = YES_AGGRESSIVE;
				CLANG_WARN_UNREACHABLE_CODE = YES;
				CLANG_WARN__DUPLICATE_METHOD_MATCH = YES;
				COPY_PHASE_STRIP = NO;
				DEBUG_INFORMATION_FORMAT = "dwarf-with-dsym";
				ENABLE_NS_ASSERTIONS = NO;
				ENABLE_STRICT_OBJC_MSGSEND = YES;
				GCC_C_LANGUAGE_STANDARD = gnu11;
				GCC_NO_COMMON_BLOCKS = YES;
				GCC_WARN_64_TO_32_BIT_CONVERSION = YES;
				GCC_WARN_ABOUT_RETURN_TYPE = YES_ERROR;
				GCC_WARN_UNDECLARED_SELECTOR = YES;
				GCC_WARN_UNINITIALIZED_AUTOS = YES_AGGRESSIVE;
				GCC_WARN_UNUSED_FUNCTION = YES;
				GCC_WARN_UNUSED_VARIABLE = YES;
				IPHONEOS_DEPLOYMENT_TARGET = 15.0;
				MTL_ENABLE_DEBUG_INFO = NO;
				MTL_FAST_MATH = YES;
				SDKROOT = iphoneos;
				SWIFT_COMPILATION_MODE = wholemodule;
				SWIFT_OPTIMIZATION_LEVEL = "-O";
				VALIDATE_PRODUCT = YES;
			};
			name = Release;
		};
		8B74E1D926D6CD1B00886949 /* Debug */ = {
			isa = XCBuildConfiguration;
			buildSettings = {
				ASSETCATALOG_COMPILER_ALTERNATE_APPICON_NAMES = "bright red, fire";
				ASSETCATALOG_COMPILER_APPICON_NAME = AppIcon;
				ASSETCATALOG_COMPILER_GLOBAL_ACCENT_COLOR_NAME = AccentColor;
				ASSETCATALOG_COMPILER_INCLUDE_ALL_APPICON_ASSETS = YES;
				CODE_SIGN_ENTITLEMENTS = "Random Things Generator/Random Things Generator.entitlements";
				CODE_SIGN_IDENTITY = "Apple Development";
				CODE_SIGN_STYLE = Automatic;
				CURRENT_PROJECT_VERSION = 1;
				DEVELOPMENT_ASSET_PATHS = "\"Random Things Generator/Preview Content\"";
				DEVELOPMENT_TEAM = LR745V324B;
				ENABLE_PREVIEWS = YES;
				GENERATE_INFOPLIST_FILE = YES;
				INFOPLIST_FILE = "Random-Things-Generator-Info.plist";
				INFOPLIST_KEY_CFBundleDisplayName = Random;
				INFOPLIST_KEY_UIApplicationSceneManifest_Generation = YES;
				INFOPLIST_KEY_UIApplicationSupportsIndirectInputEvents = YES;
				INFOPLIST_KEY_UILaunchScreen_Generation = YES;
				INFOPLIST_KEY_UISupportedInterfaceOrientations_iPad = "UIInterfaceOrientationPortrait UIInterfaceOrientationPortraitUpsideDown UIInterfaceOrientationLandscapeLeft UIInterfaceOrientationLandscapeRight";
				INFOPLIST_KEY_UISupportedInterfaceOrientations_iPhone = "UIInterfaceOrientationPortrait UIInterfaceOrientationLandscapeLeft UIInterfaceOrientationLandscapeRight";
				IPHONEOS_DEPLOYMENT_TARGET = 15.0;
				LD_RUNPATH_SEARCH_PATHS = (
					"$(inherited)",
					"@executable_path/Frameworks",
				);
				MARKETING_VERSION = 3.0;
				PRODUCT_BUNDLE_IDENTIFIER = "com.michaelhorowitz.Random-Things-Generator";
				PRODUCT_NAME = "$(TARGET_NAME)";
				PROVISIONING_PROFILE_SPECIFIER = "";
				SWIFT_EMIT_LOC_STRINGS = YES;
				SWIFT_VERSION = 5.0;
				TARGETED_DEVICE_FAMILY = "1,2";
			};
			name = Debug;
		};
		8B74E1DA26D6CD1B00886949 /* Release */ = {
			isa = XCBuildConfiguration;
			buildSettings = {
				ASSETCATALOG_COMPILER_ALTERNATE_APPICON_NAMES = "bright red, fire";
				ASSETCATALOG_COMPILER_APPICON_NAME = AppIcon;
				ASSETCATALOG_COMPILER_GLOBAL_ACCENT_COLOR_NAME = AccentColor;
				ASSETCATALOG_COMPILER_INCLUDE_ALL_APPICON_ASSETS = YES;
				CODE_SIGN_ENTITLEMENTS = "Random Things Generator/Random Things Generator.entitlements";
				CODE_SIGN_IDENTITY = "Apple Development";
				CODE_SIGN_STYLE = Automatic;
				CURRENT_PROJECT_VERSION = 1;
				DEVELOPMENT_ASSET_PATHS = "\"Random Things Generator/Preview Content\"";
				DEVELOPMENT_TEAM = LR745V324B;
				ENABLE_PREVIEWS = YES;
				GENERATE_INFOPLIST_FILE = YES;
				INFOPLIST_FILE = "Random-Things-Generator-Info.plist";
				INFOPLIST_KEY_CFBundleDisplayName = Random;
				INFOPLIST_KEY_UIApplicationSceneManifest_Generation = YES;
				INFOPLIST_KEY_UIApplicationSupportsIndirectInputEvents = YES;
				INFOPLIST_KEY_UILaunchScreen_Generation = YES;
				INFOPLIST_KEY_UISupportedInterfaceOrientations_iPad = "UIInterfaceOrientationPortrait UIInterfaceOrientationPortraitUpsideDown UIInterfaceOrientationLandscapeLeft UIInterfaceOrientationLandscapeRight";
				INFOPLIST_KEY_UISupportedInterfaceOrientations_iPhone = "UIInterfaceOrientationPortrait UIInterfaceOrientationLandscapeLeft UIInterfaceOrientationLandscapeRight";
				IPHONEOS_DEPLOYMENT_TARGET = 15.0;
				LD_RUNPATH_SEARCH_PATHS = (
					"$(inherited)",
					"@executable_path/Frameworks",
				);
				MARKETING_VERSION = 3.0;
				PRODUCT_BUNDLE_IDENTIFIER = "com.michaelhorowitz.Random-Things-Generator";
				PRODUCT_NAME = "$(TARGET_NAME)";
				PROVISIONING_PROFILE_SPECIFIER = "";
				SWIFT_EMIT_LOC_STRINGS = YES;
				SWIFT_VERSION = 5.0;
				TARGETED_DEVICE_FAMILY = "1,2";
			};
			name = Release;
		};
/* End XCBuildConfiguration section */

/* Begin XCConfigurationList section */
		8B74E1C026D6CD1A00886949 /* Build configuration list for PBXProject "Random Things Generator" */ = {
			isa = XCConfigurationList;
			buildConfigurations = (
				8B74E1D626D6CD1B00886949 /* Debug */,
				8B74E1D726D6CD1B00886949 /* Release */,
			);
			defaultConfigurationIsVisible = 0;
			defaultConfigurationName = Release;
		};
		8B74E1D826D6CD1B00886949 /* Build configuration list for PBXNativeTarget "Random Things Generator" */ = {
			isa = XCConfigurationList;
			buildConfigurations = (
				8B74E1D926D6CD1B00886949 /* Debug */,
				8B74E1DA26D6CD1B00886949 /* Release */,
			);
			defaultConfigurationIsVisible = 0;
			defaultConfigurationName = Release;
		};
/* End XCConfigurationList section */

/* Begin XCRemoteSwiftPackageReference section */
		8B7C931F26E042F20046032F /* XCRemoteSwiftPackageReference "CSV.swift" */ = {
			isa = XCRemoteSwiftPackageReference;
			repositoryURL = "https://github.com/yaslab/CSV.swift.git";
			requirement = {
				kind = upToNextMajorVersion;
				minimumVersion = 2.0.0;
			};
		};
/* End XCRemoteSwiftPackageReference section */

/* Begin XCSwiftPackageProductDependency section */
		8B7C932026E042F20046032F /* CSV */ = {
			isa = XCSwiftPackageProductDependency;
			package = 8B7C931F26E042F20046032F /* XCRemoteSwiftPackageReference "CSV.swift" */;
			productName = CSV;
		};
/* End XCSwiftPackageProductDependency section */

/* Begin XCVersionGroup section */
		8B74E1D326D6CD1B00886949 /* Random_Things_Generator.xcdatamodeld */ = {
			isa = XCVersionGroup;
			children = (
				8B74E1D426D6CD1B00886949 /* Random_Things_Generator.xcdatamodel */,
			);
			currentVersion = 8B74E1D426D6CD1B00886949 /* Random_Things_Generator.xcdatamodel */;
			path = Random_Things_Generator.xcdatamodeld;
			sourceTree = "<group>";
			versionGroupType = wrapper.xcdatamodel;
		};
/* End XCVersionGroup section */
	};
	rootObject = 8B74E1BD26D6CD1A00886949 /* Project object */;
}
